
Microsoft Visual Studio Solution File, Format Version 12.00
# Visual Studio Version 16
VisualStudioVersion = 16.0.30804.86
MinimumVisualStudioVersion = 10.0.40219.1
Project("{9A19103F-16F7-4668-BE54-9A1E7A4F7556}") = "DesktopClient", "DesktopClient\DesktopClient.csproj", "{525B32B0-DEC6-40B6-BFFA-38999D953EE0}"
EndProject
Project("{9A19103F-16F7-4668-BE54-9A1E7A4F7556}") = "WebEngine", "WebEngine\WebEngine.csproj", "{AB888034-2506-4BCD-8E94-0531F7E40510}"
EndProject
Project("{9A19103F-16F7-4668-BE54-9A1E7A4F7556}") = "DesktopClientTest", "DesktopClientTest\DesktopClientTest.csproj", "{9CE4A5C8-3D1B-4110-9D8F-C3F4471C45EE}"
EndProject
Project("{FAE04EC0-301F-11D3-BF4B-00C04F79EFBC}") = "WebEngine.Test", "WebEngine.Test\WebEngine.Test.csproj", "{F347F0F3-82DD-42AE-B7D1-9FA612CA080A}"
EndProject
Global
	GlobalSection(SolutionConfigurationPlatforms) = preSolution
		Debug|Any CPU = Debug|Any CPU
		Release|Any CPU = Release|Any CPU
	EndGlobalSection
	GlobalSection(ProjectConfigurationPlatforms) = postSolution
		{525B32B0-DEC6-40B6-BFFA-38999D953EE0}.Debug|Any CPU.ActiveCfg = Debug|Any CPU
		{525B32B0-DEC6-40B6-BFFA-38999D953EE0}.Debug|Any CPU.Build.0 = Debug|Any CPU
		{525B32B0-DEC6-40B6-BFFA-38999D953EE0}.Release|Any CPU.ActiveCfg = Release|Any CPU
		{525B32B0-DEC6-40B6-BFFA-38999D953EE0}.Release|Any CPU.Build.0 = Release|Any CPU
		{AB888034-2506-4BCD-8E94-0531F7E40510}.Debug|Any CPU.ActiveCfg = Debug|Any CPU
		{AB888034-2506-4BCD-8E94-0531F7E40510}.Debug|Any CPU.Build.0 = Debug|Any CPU
		{AB888034-2506-4BCD-8E94-0531F7E40510}.Release|Any CPU.ActiveCfg = Release|Any CPU
		{AB888034-2506-4BCD-8E94-0531F7E40510}.Release|Any CPU.Build.0 = Release|Any CPU
		{9CE4A5C8-3D1B-4110-9D8F-C3F4471C45EE}.Debug|Any CPU.ActiveCfg = Debug|Any CPU
		{9CE4A5C8-3D1B-4110-9D8F-C3F4471C45EE}.Debug|Any CPU.Build.0 = Debug|Any CPU
		{9CE4A5C8-3D1B-4110-9D8F-C3F4471C45EE}.Release|Any CPU.ActiveCfg = Release|Any CPU
		{9CE4A5C8-3D1B-4110-9D8F-C3F4471C45EE}.Release|Any CPU.Build.0 = Release|Any CPU
		{F347F0F3-82DD-42AE-B7D1-9FA612CA080A}.Debug|Any CPU.ActiveCfg = Debug|Any CPU
		{F347F0F3-82DD-42AE-B7D1-9FA612CA080A}.Debug|Any CPU.Build.0 = Debug|Any CPU
		{F347F0F3-82DD-42AE-B7D1-9FA612CA080A}.Release|Any CPU.ActiveCfg = Release|Any CPU
		{F347F0F3-82DD-42AE-B7D1-9FA612CA080A}.Release|Any CPU.Build.0 = Release|Any CPU
	EndGlobalSection
	GlobalSection(SolutionProperties) = preSolution
		HideSolutionNode = FALSE
	EndGlobalSection
	GlobalSection(ExtensibilityGlobals) = postSolution
		SolutionGuid = {0C1C001D-4AEF-498F-9BF4-0512B6292B73}
	EndGlobalSection
EndGlobal
